
Microsoft Visual Studio Solution File, Format Version 12.00
# Visual Studio Version 17
VisualStudioVersion = 17.0.32112.339
MinimumVisualStudioVersion = 10.0.40219.1
Project("{FAE04EC0-301F-11D3-BF4B-00C04F79EFBC}") = "HelloWorld", "HelloWorld\HelloWorld.csproj", "{C2CE4558-A202-4D7B-BFAC-83B4F1A9B2F1}"
EndProject
Global
	GlobalSection(SolutionConfigurationPlatforms) = preSolution
		Debug|Any CPU = Debug|Any CPU
		Release|Any CPU = Release|Any CPU
	EndGlobalSection
	GlobalSection(ProjectConfigurationPlatforms) = postSolution
		{C2CE4558-A202-4D7B-BFAC-83B4F1A9B2F1}.Debug|Any CPU.ActiveCfg = Debug|Any CPU
		{C2CE4558-A202-4D7B-BFAC-83B4F1A9B2F1}.Debug|Any CPU.Build.0 = Debug|Any CPU
		{C2CE4558-A202-4D7B-BFAC-83B4F1A9B2F1}.Release|Any CPU.ActiveCfg = Release|Any CPU
		{C2CE4558-A202-4D7B-BFAC-83B4F1A9B2F1}.Release|Any CPU.Build.0 = Release|Any CPU
	EndGlobalSection
	GlobalSection(SolutionProperties) = preSolution
		HideSolutionNode = FALSE
	EndGlobalSection
	GlobalSection(ExtensibilityGlobals) = postSolution
		SolutionGuid = {2D5E79CE-AB64-45DA-A310-1F347163F31B}
	EndGlobalSection
EndGlobal
